
Microsoft Visual Studio Solution File, Format Version 12.00
Project("{FAE04EC0-301F-11D3-BF4B-00C04F79EFBC}") = "MyHeepTree", "MyHeepTree\MyHeepTree.csproj", "{F4A487FD-6C8E-46CA-9135-6D86BE1CE404}"
EndProject
Global
	GlobalSection(SolutionConfigurationPlatforms) = preSolution
		Debug|Any CPU = Debug|Any CPU
		Release|Any CPU = Release|Any CPU
	EndGlobalSection
	GlobalSection(ProjectConfigurationPlatforms) = postSolution
		{F4A487FD-6C8E-46CA-9135-6D86BE1CE404}.Debug|Any CPU.ActiveCfg = Debug|Any CPU
		{F4A487FD-6C8E-46CA-9135-6D86BE1CE404}.Debug|Any CPU.Build.0 = Debug|Any CPU
		{F4A487FD-6C8E-46CA-9135-6D86BE1CE404}.Release|Any CPU.ActiveCfg = Release|Any CPU
		{F4A487FD-6C8E-46CA-9135-6D86BE1CE404}.Release|Any CPU.Build.0 = Release|Any CPU
	EndGlobalSection
EndGlobal
